{
  "name": "@conduit/protos",
  "version": "1.0.0",
  "lockfileVersion": 1,
  "requires": true,
  "dependencies": {
    "@types/google-protobuf": {
      "version": "3.7.2",
      "resolved": "http://40.68.159.229/@types%2fgoogle-protobuf/-/google-protobuf-3.7.2.tgz",
      "integrity": "sha512-ifFemzjNchFBCtHS6bZNhSZCBu7tbtOe0e8qY0z2J4HtFXmPJjm6fXSaQsTG7yhShBEZtt2oP/bkwu5k+emlkQ=="
    },
    "google-protobuf": {
      "version": "3.11.4",
      "resolved": "http://40.68.159.229/google-protobuf/-/google-protobuf-3.11.4.tgz",
      "integrity": "sha512-lL6b04rDirurUBOgsY2+LalI6Evq8eH5TcNzi7TYQ3BsIWelT0KSOQSBsXuavEkNf+odQU6c0lgz3UsZXeNX9Q=="
    },
    "grpc-tools": {
      "version": "1.8.1",
      "resolved": "http://40.68.159.229/grpc-tools/-/grpc-tools-1.8.1.tgz",
      "integrity": "sha512-CvZLshEDbum8ZtB8r3bn6JsrHs3L7S1jf7PTa02nZSLmcLTKbiXH5UYrte06Kh7SdzFmkxPMaOsys2rCs+HRjA==",
      "dev": true,
      "requires": {
        "node-pre-gyp": "^0.12.0"
      },
      "dependencies": {
        "abbrev": {
          "version": "1.1.1",
          "bundled": true,
          "dev": true
        },
        "ansi-regex": {
          "version": "2.1.1",
          "bundled": true,
          "dev": true
        },
        "aproba": {
          "version": "1.2.0",
          "bundled": true,
          "dev": true
        },
        "are-we-there-yet": {
          "version": "1.1.5",
          "bundled": true,
          "dev": true,
          "requires": {
            "delegates": "^1.0.0",
            "readable-stream": "^2.0.6"
          }
        },
        "balanced-match": {
          "version": "1.0.0",
          "bundled": true,
          "dev": true
        },
        "brace-expansion": {
          "version": "1.1.11",
          "bundled": true,
          "dev": true,
          "requires": {
            "balanced-match": "^1.0.0",
            "concat-map": "0.0.1"
          }
        },
        "chownr": {
          "version": "1.1.1",
          "bundled": true,
          "dev": true
        },
        "code-point-at": {
          "version": "1.1.0",
          "bundled": true,
          "dev": true
        },
        "concat-map": {
          "version": "0.0.1",
          "bundled": true,
          "dev": true
        },
        "console-control-strings": {
          "version": "1.1.0",
          "bundled": true,
          "dev": true
        },
        "core-util-is": {
          "version": "1.0.2",
          "bundled": true,
          "dev": true
        },
        "debug": {
          "version": "2.6.9",
          "bundled": true,
          "dev": true,
          "requires": {
            "ms": "2.0.0"
          }
        },
        "deep-extend": {
          "version": "0.6.0",
          "bundled": true,
          "dev": true
        },
        "delegates": {
          "version": "1.0.0",
          "bundled": true,
          "dev": true
        },
        "detect-libc": {
          "version": "1.0.3",
          "bundled": true,
          "dev": true
        },
        "fs-minipass": {
          "version": "1.2.5",
          "bundled": true,
          "dev": true,
          "requires": {
            "minipass": "^2.2.1"
          }
        },
        "fs.realpath": {
          "version": "1.0.0",
          "bundled": true,
          "dev": true
        },
        "gauge": {
          "version": "2.7.4",
          "bundled": true,
          "dev": true,
          "requires": {
            "aproba": "^1.0.3",
            "console-control-strings": "^1.0.0",
            "has-unicode": "^2.0.0",
            "object-assign": "^4.1.0",
            "signal-exit": "^3.0.0",
            "string-width": "^1.0.1",
            "strip-ansi": "^3.0.1",
            "wide-align": "^1.1.0"
          }
        },
        "glob": {
          "version": "7.1.3",
          "bundled": true,
          "dev": true,
          "requires": {
            "fs.realpath": "^1.0.0",
            "inflight": "^1.0.4",
            "inherits": "2",
            "minimatch": "^3.0.4",
            "once": "^1.3.0",
            "path-is-absolute": "^1.0.0"
          }
        },
        "has-unicode": {
          "version": "2.0.1",
          "bundled": true,
          "dev": true
        },
        "iconv-lite": {
          "version": "0.4.24",
          "bundled": true,
          "dev": true,
          "requires": {
            "safer-buffer": ">= 2.1.2 < 3"
          }
        },
        "ignore-walk": {
          "version": "3.0.1",
          "bundled": true,
          "dev": true,
          "requires": {
            "minimatch": "^3.0.4"
          }
        },
        "inflight": {
          "version": "1.0.6",
          "bundled": true,
          "dev": true,
          "requires": {
            "once": "^1.3.0",
            "wrappy": "1"
          }
        },
        "inherits": {
          "version": "2.0.3",
          "bundled": true,
          "dev": true
        },
        "ini": {
          "version": "1.3.5",
          "bundled": true,
          "dev": true
        },
        "is-fullwidth-code-point": {
          "version": "1.0.0",
          "bundled": true,
          "dev": true,
          "requires": {
            "number-is-nan": "^1.0.0"
          }
        },
        "isarray": {
          "version": "1.0.0",
          "bundled": true,
          "dev": true
        },
        "minimatch": {
          "version": "3.0.4",
          "bundled": true,
          "dev": true,
          "requires": {
            "brace-expansion": "^1.1.7"
          }
        },
        "minimist": {
          "version": "0.0.8",
          "bundled": true,
          "dev": true
        },
        "minipass": {
          "version": "2.3.5",
          "bundled": true,
          "dev": true,
          "requires": {
            "safe-buffer": "^5.1.2",
            "yallist": "^3.0.0"
          }
        },
        "minizlib": {
          "version": "1.2.1",
          "bundled": true,
          "dev": true,
          "requires": {
            "minipass": "^2.2.1"
          }
        },
        "mkdirp": {
          "version": "0.5.1",
          "bundled": true,
          "dev": true,
          "requires": {
            "minimist": "0.0.8"
          }
        },
        "ms": {
          "version": "2.0.0",
          "bundled": true,
          "dev": true
        },
        "needle": {
          "version": "2.2.4",
          "bundled": true,
          "dev": true,
          "requires": {
            "debug": "^2.1.2",
            "iconv-lite": "^0.4.4",
            "sax": "^1.2.4"
          }
        },
        "node-pre-gyp": {
          "version": "0.12.0",
          "bundled": true,
          "dev": true,
          "requires": {
            "detect-libc": "^1.0.2",
            "mkdirp": "^0.5.1",
            "needle": "^2.2.1",
            "nopt": "^4.0.1",
            "npm-packlist": "^1.1.6",
            "npmlog": "^4.0.2",
            "rc": "^1.2.7",
            "rimraf": "^2.6.1",
            "semver": "^5.3.0",
            "tar": "^4"
          }
        },
        "nopt": {
          "version": "4.0.1",
          "bundled": true,
          "dev": true,
          "requires": {
            "abbrev": "1",
            "osenv": "^0.1.4"
          }
        },
        "npm-bundled": {
          "version": "1.0.6",
          "bundled": true,
          "dev": true
        },
        "npm-packlist": {
          "version": "1.4.1",
          "bundled": true,
          "dev": true,
          "requires": {
            "ignore-walk": "^3.0.1",
            "npm-bundled": "^1.0.1"
          }
        },
        "npmlog": {
          "version": "4.1.2",
          "bundled": true,
          "dev": true,
          "requires": {
            "are-we-there-yet": "~1.1.2",
            "console-control-strings": "~1.1.0",
            "gauge": "~2.7.3",
            "set-blocking": "~2.0.0"
          }
        },
        "number-is-nan": {
          "version": "1.0.1",
          "bundled": true,
          "dev": true
        },
        "object-assign": {
          "version": "4.1.1",
          "bundled": true,
          "dev": true
        },
        "once": {
          "version": "1.4.0",
          "bundled": true,
          "dev": true,
          "requires": {
            "wrappy": "1"
          }
        },
        "os-homedir": {
          "version": "1.0.2",
          "bundled": true,
          "dev": true
        },
        "os-tmpdir": {
          "version": "1.0.2",
          "bundled": true,
          "dev": true
        },
        "osenv": {
          "version": "0.1.5",
          "bundled": true,
          "dev": true,
          "requires": {
            "os-homedir": "^1.0.0",
            "os-tmpdir": "^1.0.0"
          }
        },
        "path-is-absolute": {
          "version": "1.0.1",
          "bundled": true,
          "dev": true
        },
        "process-nextick-args": {
          "version": "2.0.0",
          "bundled": true,
          "dev": true
        },
        "rc": {
          "version": "1.2.8",
          "bundled": true,
          "dev": true,
          "requires": {
            "deep-extend": "^0.6.0",
            "ini": "~1.3.0",
            "minimist": "^1.2.0",
            "strip-json-comments": "~2.0.1"
          },
          "dependencies": {
            "minimist": {
              "version": "1.2.0",
              "bundled": true,
              "dev": true
            }
          }
        },
        "readable-stream": {
          "version": "2.3.6",
          "bundled": true,
          "dev": true,
          "requires": {
            "core-util-is": "~1.0.0",
            "inherits": "~2.0.3",
            "isarray": "~1.0.0",
            "process-nextick-args": "~2.0.0",
            "safe-buffer": "~5.1.1",
            "string_decoder": "~1.1.1",
            "util-deprecate": "~1.0.1"
          }
        },
        "rimraf": {
          "version": "2.6.3",
          "bundled": true,
          "dev": true,
          "requires": {
            "glob": "^7.1.3"
          }
        },
        "safe-buffer": {
          "version": "5.1.2",
          "bundled": true,
          "dev": true
        },
        "safer-buffer": {
          "version": "2.1.2",
          "bundled": true,
          "dev": true
        },
        "sax": {
          "version": "1.2.4",
          "bundled": true,
          "dev": true
        },
        "semver": {
          "version": "5.6.0",
          "bundled": true,
          "dev": true
        },
        "set-blocking": {
          "version": "2.0.0",
          "bundled": true,
          "dev": true
        },
        "signal-exit": {
          "version": "3.0.2",
          "bundled": true,
          "dev": true
        },
        "string-width": {
          "version": "1.0.2",
          "bundled": true,
          "dev": true,
          "requires": {
            "code-point-at": "^1.0.0",
            "is-fullwidth-code-point": "^1.0.0",
            "strip-ansi": "^3.0.0"
          }
        },
        "string_decoder": {
          "version": "1.1.1",
          "bundled": true,
          "dev": true,
          "requires": {
            "safe-buffer": "~5.1.0"
          }
        },
        "strip-ansi": {
          "version": "3.0.1",
          "bundled": true,
          "dev": true,
          "requires": {
            "ansi-regex": "^2.0.0"
          }
        },
        "strip-json-comments": {
          "version": "2.0.1",
          "bundled": true,
          "dev": true
        },
        "tar": {
          "version": "4.4.8",
          "bundled": true,
          "dev": true,
          "requires": {
            "chownr": "^1.1.1",
            "fs-minipass": "^1.2.5",
            "minipass": "^2.3.4",
            "minizlib": "^1.1.1",
            "mkdirp": "^0.5.0",
            "safe-buffer": "^5.1.2",
            "yallist": "^3.0.2"
          }
        },
        "util-deprecate": {
          "version": "1.0.2",
          "bundled": true,
          "dev": true
        },
        "wide-align": {
          "version": "1.1.3",
          "bundled": true,
          "dev": true,
          "requires": {
            "string-width": "^1.0.2 || 2"
          }
        },
        "wrappy": {
          "version": "1.0.2",
          "bundled": true,
          "dev": true
        },
        "yallist": {
          "version": "3.0.3",
          "bundled": true,
          "dev": true
        }
      }
    },
    "ts-protoc-gen": {
      "version": "0.12.0",
      "resolved": "http://40.68.159.229/ts-protoc-gen/-/ts-protoc-gen-0.12.0.tgz",
      "integrity": "sha512-V7jnICJxKqalBrnJSMTW5tB9sGi48gOC325bfcM7TDNUItVOlaMM//rQmuo49ybipk/SyJTnWXgtJnhHCevNJw==",
      "dev": true,
      "requires": {
        "google-protobuf": "^3.6.1"
      }
    }
  }
}
